
Microsoft Visual Studio Solution File, Format Version 12.00
# Visual Studio 15
VisualStudioVersion = 15.0.28307.421
MinimumVisualStudioVersion = 10.0.40219.1
Project("{FAE04EC0-301F-11D3-BF4B-00C04F79EFBC}") = "simple_chat", "simple_chat\simple_chat.csproj", "{6749CCC4-3FD5-44F3-B8BD-F0FC93521536}"
EndProject
Global
	GlobalSection(SolutionConfigurationPlatforms) = preSolution
		Debug|Any CPU = Debug|Any CPU
		Release|Any CPU = Release|Any CPU
	EndGlobalSection
	GlobalSection(ProjectConfigurationPlatforms) = postSolution
		{6749CCC4-3FD5-44F3-B8BD-F0FC93521536}.Debug|Any CPU.ActiveCfg = Debug|Any CPU
		{6749CCC4-3FD5-44F3-B8BD-F0FC93521536}.Debug|Any CPU.Build.0 = Debug|Any CPU
		{6749CCC4-3FD5-44F3-B8BD-F0FC93521536}.Release|Any CPU.ActiveCfg = Release|Any CPU
		{6749CCC4-3FD5-44F3-B8BD-F0FC93521536}.Release|Any CPU.Build.0 = Release|Any CPU
	EndGlobalSection
	GlobalSection(SolutionProperties) = preSolution
		HideSolutionNode = FALSE
	EndGlobalSection
	GlobalSection(ExtensibilityGlobals) = postSolution
		SolutionGuid = {1EFEE089-AF37-43E4-8FC0-A9FCDF2F1983}
	EndGlobalSection
EndGlobal
